// !$*UTF8*$!
{
	archiveVersion = 1;
	classes = {
	};
	objectVersion = 55;
	objects = {

/* Begin PBXBuildFile section */
		033186E3277630A200E9244C /* AppDelegate.swift in Sources */ = {isa = PBXBuildFile; fileRef = 033186E2277630A200E9244C /* AppDelegate.swift */; };
		033186E5277630A200E9244C /* SceneDelegate.swift in Sources */ = {isa = PBXBuildFile; fileRef = 033186E4277630A200E9244C /* SceneDelegate.swift */; };
		033186E7277630A200E9244C /* WeatherViewController.swift in Sources */ = {isa = PBXBuildFile; fileRef = 033186E6277630A200E9244C /* WeatherViewController.swift */; };
		033186EA277630A200E9244C /* Main.storyboard in Resources */ = {isa = PBXBuildFile; fileRef = 033186E8277630A200E9244C /* Main.storyboard */; };
		033186EC277630A400E9244C /* Assets.xcassets in Resources */ = {isa = PBXBuildFile; fileRef = 033186EB277630A400E9244C /* Assets.xcassets */; };
		033186EF277630A400E9244C /* LaunchScreen.storyboard in Resources */ = {isa = PBXBuildFile; fileRef = 033186ED277630A400E9244C /* LaunchScreen.storyboard */; };
		033186F92776532000E9244C /* CityListViewController.swift in Sources */ = {isa = PBXBuildFile; fileRef = 033186F82776532000E9244C /* CityListViewController.swift */; };
		033186FB2776570C00E9244C /* AddCityViewController.swift in Sources */ = {isa = PBXBuildFile; fileRef = 033186FA2776570C00E9244C /* AddCityViewController.swift */; };
		03620D45277A1B3B003AF124 /* ForecastCondition.swift in Sources */ = {isa = PBXBuildFile; fileRef = 03620D44277A1B3B003AF124 /* ForecastCondition.swift */; };
		03620D4A277A29B1003AF124 /* SkeletonView in Frameworks */ = {isa = PBXBuildFile; productRef = 03620D49277A29B1003AF124 /* SkeletonView */; };
		037E81C5277712C200229A4A /* WeatherService.swift in Sources */ = {isa = PBXBuildFile; fileRef = 037E81C4277712C200229A4A /* WeatherService.swift */; };
		037E81C7277713E200229A4A /* WeatherModel.swift in Sources */ = {isa = PBXBuildFile; fileRef = 037E81C6277713E200229A4A /* WeatherModel.swift */; };
		037E81CA2777292B00229A4A /* Alamofire in Frameworks */ = {isa = PBXBuildFile; productRef = 037E81C92777292B00229A4A /* Alamofire */; };
		037E81D227778F5300229A4A /* Kingfisher in Frameworks */ = {isa = PBXBuildFile; productRef = 037E81D127778F5300229A4A /* Kingfisher */; };
/* End PBXBuildFile section */

/* Begin PBXFileReference section */
		033186DF277630A200E9244C /* Weather-App.app */ = {isa = PBXFileReference; explicitFileType = wrapper.application; includeInIndex = 0; path = "Weather-App.app"; sourceTree = BUILT_PRODUCTS_DIR; };
		033186E2277630A200E9244C /* AppDelegate.swift */ = {isa = PBXFileReference; lastKnownFileType = sourcecode.swift; path = AppDelegate.swift; sourceTree = "<group>"; };
		033186E4277630A200E9244C /* SceneDelegate.swift */ = {isa = PBXFileReference; lastKnownFileType = sourcecode.swift; path = SceneDelegate.swift; sourceTree = "<group>"; };
		033186E6277630A200E9244C /* WeatherViewController.swift */ = {isa = PBXFileReference; lastKnownFileType = sourcecode.swift; path = WeatherViewController.swift; sourceTree = "<group>"; };
		033186E9277630A200E9244C /* Base */ = {isa = PBXFileReference; lastKnownFileType = file.storyboard; name = Base; path = Base.lproj/Main.storyboard; sourceTree = "<group>"; };
		033186EB277630A400E9244C /* Assets.xcassets */ = {isa = PBXFileReference; lastKnownFileType = folder.assetcatalog; path = Assets.xcassets; sourceTree = "<group>"; };
		033186EE277630A400E9244C /* Base */ = {isa = PBXFileReference; lastKnownFileType = file.storyboard; name = Base; path = Base.lproj/LaunchScreen.storyboard; sourceTree = "<group>"; };
		033186F0277630A400E9244C /* Info.plist */ = {isa = PBXFileReference; lastKnownFileType = text.plist.xml; path = Info.plist; sourceTree = "<group>"; };
		033186F82776532000E9244C /* CityListViewController.swift */ = {isa = PBXFileReference; lastKnownFileType = sourcecode.swift; path = CityListViewController.swift; sourceTree = "<group>"; };
		033186FA2776570C00E9244C /* AddCityViewController.swift */ = {isa = PBXFileReference; lastKnownFileType = sourcecode.swift; path = AddCityViewController.swift; sourceTree = "<group>"; };
		03620D44277A1B3B003AF124 /* ForecastCondition.swift */ = {isa = PBXFileReference; lastKnownFileType = sourcecode.swift; path = ForecastCondition.swift; sourceTree = "<group>"; };
		037E81C4277712C200229A4A /* WeatherService.swift */ = {isa = PBXFileReference; lastKnownFileType = sourcecode.swift; path = WeatherService.swift; sourceTree = "<group>"; };
		037E81C6277713E200229A4A /* WeatherModel.swift */ = {isa = PBXFileReference; lastKnownFileType = sourcecode.swift; path = WeatherModel.swift; sourceTree = "<group>"; };
/* End PBXFileReference section */

/* Begin PBXFrameworksBuildPhase section */
		033186DC277630A200E9244C /* Frameworks */ = {
			isa = PBXFrameworksBuildPhase;
			buildActionMask = 2147483647;
			files = (
				037E81D227778F5300229A4A /* Kingfisher in Frameworks */,
				03620D4A277A29B1003AF124 /* SkeletonView in Frameworks */,
				037E81CA2777292B00229A4A /* Alamofire in Frameworks */,
			);
			runOnlyForDeploymentPostprocessing = 0;
		};
/* End PBXFrameworksBuildPhase section */

/* Begin PBXGroup section */
		033186D6277630A200E9244C = {
			isa = PBXGroup;
			children = (
				033186E1277630A200E9244C /* Weather-App */,
				033186E0277630A200E9244C /* Products */,
			);
			sourceTree = "<group>";
		};
		033186E0277630A200E9244C /* Products */ = {
			isa = PBXGroup;
			children = (
				033186DF277630A200E9244C /* Weather-App.app */,
			);
			name = Products;
			sourceTree = "<group>";
		};
		033186E1277630A200E9244C /* Weather-App */ = {
			isa = PBXGroup;
			children = (
				037E81C127770F3300229A4A /* Controllers */,
				037E81C027770F2C00229A4A /* Views */,
				037E81BF27770F2500229A4A /* Models */,
				037E81C327770F5C00229A4A /* Service */,
				037E81C227770F4000229A4A /* Resources */,
				033186F0277630A400E9244C /* Info.plist */,
			);
			path = "Weather-App";
			sourceTree = "<group>";
		};
		037E81BF27770F2500229A4A /* Models */ = {
			isa = PBXGroup;
			children = (
				037E81C6277713E200229A4A /* WeatherModel.swift */,
				03620D44277A1B3B003AF124 /* ForecastCondition.swift */,
			);
			path = Models;
			sourceTree = "<group>";
		};
		037E81C027770F2C00229A4A /* Views */ = {
			isa = PBXGroup;
			children = (
				033186E8277630A200E9244C /* Main.storyboard */,
				033186ED277630A400E9244C /* LaunchScreen.storyboard */,
			);
			path = Views;
			sourceTree = "<group>";
		};
		037E81C127770F3300229A4A /* Controllers */ = {
			isa = PBXGroup;
			children = (
				033186E6277630A200E9244C /* WeatherViewController.swift */,
				033186F82776532000E9244C /* CityListViewController.swift */,
				033186FA2776570C00E9244C /* AddCityViewController.swift */,
			);
			path = Controllers;
			sourceTree = "<group>";
		};
		037E81C227770F4000229A4A /* Resources */ = {
			isa = PBXGroup;
			children = (
				033186E2277630A200E9244C /* AppDelegate.swift */,
				033186E4277630A200E9244C /* SceneDelegate.swift */,
				033186EB277630A400E9244C /* Assets.xcassets */,
			);
			path = Resources;
			sourceTree = "<group>";
		};
		037E81C327770F5C00229A4A /* Service */ = {
			isa = PBXGroup;
			children = (
				037E81C4277712C200229A4A /* WeatherService.swift */,
			);
			path = Service;
			sourceTree = "<group>";
		};
/* End PBXGroup section */

/* Begin PBXNativeTarget section */
		033186DE277630A200E9244C /* Weather-App */ = {
			isa = PBXNativeTarget;
			buildConfigurationList = 033186F3277630A400E9244C /* Build configuration list for PBXNativeTarget "Weather-App" */;
			buildPhases = (
				033186DB277630A200E9244C /* Sources */,
				033186DC277630A200E9244C /* Frameworks */,
				033186DD277630A200E9244C /* Resources */,
			);
			buildRules = (
			);
			dependencies = (
			);
			name = "Weather-App";
			packageProductDependencies = (
				037E81C92777292B00229A4A /* Alamofire */,
				037E81D127778F5300229A4A /* Kingfisher */,
				03620D49277A29B1003AF124 /* SkeletonView */,
			);
			productName = "Weather-App";
			productReference = 033186DF277630A200E9244C /* Weather-App.app */;
			productType = "com.apple.product-type.application";
		};
/* End PBXNativeTarget section */

/* Begin PBXProject section */
		033186D7277630A200E9244C /* Project object */ = {
			isa = PBXProject;
			attributes = {
				BuildIndependentTargetsInParallel = 1;
				LastSwiftUpdateCheck = 1310;
				LastUpgradeCheck = 1310;
				TargetAttributes = {
					033186DE277630A200E9244C = {
						CreatedOnToolsVersion = 13.1;
					};
				};
			};
			buildConfigurationList = 033186DA277630A200E9244C /* Build configuration list for PBXProject "Weather-App" */;
			compatibilityVersion = "Xcode 13.0";
			developmentRegion = en;
			hasScannedForEncodings = 0;
			knownRegions = (
				en,
				Base,
			);
			mainGroup = 033186D6277630A200E9244C;
			packageReferences = (
				037E81C82777292B00229A4A /* XCRemoteSwiftPackageReference "Alamofire" */,
				037E81D027778F5300229A4A /* XCRemoteSwiftPackageReference "Kingfisher" */,
				03620D48277A29B1003AF124 /* XCRemoteSwiftPackageReference "SkeletonView" */,
			);
			productRefGroup = 033186E0277630A200E9244C /* Products */;
			projectDirPath = "";
			projectRoot = "";
			targets = (
				033186DE277630A200E9244C /* Weather-App */,
			);
		};
/* End PBXProject section */

/* Begin PBXResourcesBuildPhase section */
		033186DD277630A200E9244C /* Resources */ = {
			isa = PBXResourcesBuildPhase;
			buildActionMask = 2147483647;
			files = (
				033186EF277630A400E9244C /* LaunchScreen.storyboard in Resources */,
				033186EC277630A400E9244C /* Assets.xcassets in Resources */,
				033186EA277630A200E9244C /* Main.storyboard in Resources */,
			);
			runOnlyForDeploymentPostprocessing = 0;
		};
/* End PBXResourcesBuildPhase section */

/* Begin PBXSourcesBuildPhase section */
		033186DB277630A200E9244C /* Sources */ = {
			isa = PBXSourcesBuildPhase;
			buildActionMask = 2147483647;
			files = (
				03620D45277A1B3B003AF124 /* ForecastCondition.swift in Sources */,
				033186FB2776570C00E9244C /* AddCityViewController.swift in Sources */,
				033186E7277630A200E9244C /* WeatherViewController.swift in Sources */,
				033186E3277630A200E9244C /* AppDelegate.swift in Sources */,
				037E81C7277713E200229A4A /* WeatherModel.swift in Sources */,
				033186E5277630A200E9244C /* SceneDelegate.swift in Sources */,
				037E81C5277712C200229A4A /* WeatherService.swift in Sources */,
				033186F92776532000E9244C /* CityListViewController.swift in Sources */,
			);
			runOnlyForDeploymentPostprocessing = 0;
		};
/* End PBXSourcesBuildPhase section */

/* Begin PBXVariantGroup section */
		033186E8277630A200E9244C /* Main.storyboard */ = {
			isa = PBXVariantGroup;
			children = (
				033186E9277630A200E9244C /* Base */,
			);
			name = Main.storyboard;
			sourceTree = "<group>";
		};
		033186ED277630A400E9244C /* LaunchScreen.storyboard */ = {
			isa = PBXVariantGroup;
			children = (
				033186EE277630A400E9244C /* Base */,
			);
			name = LaunchScreen.storyboard;
			sourceTree = "<group>";
		};
/* End PBXVariantGroup section */

/* Begin XCBuildConfiguration section */
		033186F1277630A400E9244C /* Debug */ = {
			isa = XCBuildConfiguration;
			buildSettings = {
				ALWAYS_SEARCH_USER_PATHS = NO;
				CLANG_ANALYZER_NONNULL = YES;
				CLANG_ANALYZER_NUMBER_OBJECT_CONVERSION = YES_AGGRESSIVE;
				CLANG_CXX_LANGUAGE_STANDARD = "gnu++17";
				CLANG_CXX_LIBRARY = "libc++";
				CLANG_ENABLE_MODULES = YES;
				CLANG_ENABLE_OBJC_ARC = YES;
				CLANG_ENABLE_OBJC_WEAK = YES;
				CLANG_WARN_BLOCK_CAPTURE_AUTORELEASING = YES;
				CLANG_WARN_BOOL_CONVERSION = YES;
				CLANG_WARN_COMMA = YES;
				CLANG_WARN_CONSTANT_CONVERSION = YES;
				CLANG_WARN_DEPRECATED_OBJC_IMPLEMENTATIONS = YES;
				CLANG_WARN_DIRECT_OBJC_ISA_USAGE = YES_ERROR;
				CLANG_WARN_DOCUMENTATION_COMMENTS = YES;
				CLANG_WARN_EMPTY_BODY = YES;
				CLANG_WARN_ENUM_CONVERSION = YES;
				CLANG_WARN_INFINITE_RECURSION = YES;
				CLANG_WARN_INT_CONVERSION = YES;
				CLANG_WARN_NON_LITERAL_NULL_CONVERSION = YES;
				CLANG_WARN_OBJC_IMPLICIT_RETAIN_SELF = YES;
				CLANG_WARN_OBJC_LITERAL_CONVERSION = YES;
				CLANG_WARN_OBJC_ROOT_CLASS = YES_ERROR;
				CLANG_WARN_QUOTED_INCLUDE_IN_FRAMEWORK_HEADER = YES;
				CLANG_WARN_RANGE_LOOP_ANALYSIS = YES;
				CLANG_WARN_STRICT_PROTOTYPES = YES;
				CLANG_WARN_SUSPICIOUS_MOVE = YES;
				CLANG_WARN_UNGUARDED_AVAILABILITY = YES_AGGRESSIVE;
				CLANG_WARN_UNREACHABLE_CODE = YES;
				CLANG_WARN__DUPLICATE_METHOD_MATCH = YES;
				COPY_PHASE_STRIP = NO;
				DEBUG_INFORMATION_FORMAT = dwarf;
				ENABLE_STRICT_OBJC_MSGSEND = YES;
				ENABLE_TESTABILITY = YES;
				GCC_C_LANGUAGE_STANDARD = gnu11;
				GCC_DYNAMIC_NO_PIC = NO;
				GCC_NO_COMMON_BLOCKS = YES;
				GCC_OPTIMIZATION_LEVEL = 0;
				GCC_PREPROCESSOR_DEFINITIONS = (
					"DEBUG=1",
					"$(inherited)",
				);
				GCC_WARN_64_TO_32_BIT_CONVERSION = YES;
				GCC_WARN_ABOUT_RETURN_TYPE = YES_ERROR;
				GCC_WARN_UNDECLARED_SELECTOR = YES;
				GCC_WARN_UNINITIALIZED_AUTOS = YES_AGGRESSIVE;
				GCC_WARN_UNUSED_FUNCTION = YES;
				GCC_WARN_UNUSED_VARIABLE = YES;
				IPHONEOS_DEPLOYMENT_TARGET = 15.0;
				MTL_ENABLE_DEBUG_INFO = INCLUDE_SOURCE;
				MTL_FAST_MATH = YES;
				ONLY_ACTIVE_ARCH = YES;
				SDKROOT = iphoneos;
				SWIFT_ACTIVE_COMPILATION_CONDITIONS = DEBUG;
				SWIFT_OPTIMIZATION_LEVEL = "-Onone";
			};
			name = Debug;
		};
		033186F2277630A400E9244C /* Release */ = {
			isa = XCBuildConfiguration;
			buildSettings = {
				ALWAYS_SEARCH_USER_PATHS = NO;
				CLANG_ANALYZER_NONNULL = YES;
				CLANG_ANALYZER_NUMBER_OBJECT_CONVERSION = YES_AGGRESSIVE;
				CLANG_CXX_LANGUAGE_STANDARD = "gnu++17";
				CLANG_CXX_LIBRARY = "libc++";
				CLANG_ENABLE_MODULES = YES;
				CLANG_ENABLE_OBJC_ARC = YES;
				CLANG_ENABLE_OBJC_WEAK = YES;
				CLANG_WARN_BLOCK_CAPTURE_AUTORELEASING = YES;
				CLANG_WARN_BOOL_CONVERSION = YES;
				CLANG_WARN_COMMA = YES;
				CLANG_WARN_CONSTANT_CONVERSION = YES;
				CLANG_WARN_DEPRECATED_OBJC_IMPLEMENTATIONS = YES;
				CLANG_WARN_DIRECT_OBJC_ISA_USAGE = YES_ERROR;
				CLANG_WARN_DOCUMENTATION_COMMENTS = YES;
				CLANG_WARN_EMPTY_BODY = YES;
				CLANG_WARN_ENUM_CONVERSION = YES;
				CLANG_WARN_INFINITE_RECURSION = YES;
				CLANG_WARN_INT_CONVERSION = YES;
				CLANG_WARN_NON_LITERAL_NULL_CONVERSION = YES;
				CLANG_WARN_OBJC_IMPLICIT_RETAIN_SELF = YES;
				CLANG_WARN_OBJC_LITERAL_CONVERSION = YES;
				CLANG_WARN_OBJC_ROOT_CLASS = YES_ERROR;
				CLANG_WARN_QUOTED_INCLUDE_IN_FRAMEWORK_HEADER = YES;
				CLANG_WARN_RANGE_LOOP_ANALYSIS = YES;
				CLANG_WARN_STRICT_PROTOTYPES = YES;
				CLANG_WARN_SUSPICIOUS_MOVE = YES;
				CLANG_WARN_UNGUARDED_AVAILABILITY = YES_AGGRESSIVE;
				CLANG_WARN_UNREACHABLE_CODE = YES;
				CLANG_WARN__DUPLICATE_METHOD_MATCH = YES;
				COPY_PHASE_STRIP = NO;
				DEBUG_INFORMATION_FORMAT = "dwarf-with-dsym";
				ENABLE_NS_ASSERTIONS = NO;
				ENABLE_STRICT_OBJC_MSGSEND = YES;
				GCC_C_LANGUAGE_STANDARD = gnu11;
				GCC_NO_COMMON_BLOCKS = YES;
				GCC_WARN_64_TO_32_BIT_CONVERSION = YES;
				GCC_WARN_ABOUT_RETURN_TYPE = YES_ERROR;
				GCC_WARN_UNDECLARED_SELECTOR = YES;
				GCC_WARN_UNINITIALIZED_AUTOS = YES_AGGRESSIVE;
				GCC_WARN_UNUSED_FUNCTION = YES;
				GCC_WARN_UNUSED_VARIABLE = YES;
				IPHONEOS_DEPLOYMENT_TARGET = 15.0;
				MTL_ENABLE_DEBUG_INFO = NO;
				MTL_FAST_MATH = YES;
				SDKROOT = iphoneos;
				SWIFT_COMPILATION_MODE = wholemodule;
				SWIFT_OPTIMIZATION_LEVEL = "-O";
				VALIDATE_PRODUCT = YES;
			};
			name = Release;
		};
		033186F4277630A400E9244C /* Debug */ = {
			isa = XCBuildConfiguration;
			buildSettings = {
				ASSETCATALOG_COMPILER_APPICON_NAME = AppIcon;
				ASSETCATALOG_COMPILER_GLOBAL_ACCENT_COLOR_NAME = AccentColor;
				CODE_SIGN_STYLE = Automatic;
				CURRENT_PROJECT_VERSION = 1;
				DEVELOPMENT_TEAM = 3CADSS82Y2;
				GENERATE_INFOPLIST_FILE = YES;
				INFOPLIST_FILE = "Weather-App/Info.plist";
				INFOPLIST_KEY_UIApplicationSupportsIndirectInputEvents = YES;
				INFOPLIST_KEY_UILaunchStoryboardName = LaunchScreen;
				INFOPLIST_KEY_UIMainStoryboardFile = Main;
				INFOPLIST_KEY_UISupportedInterfaceOrientations = UIInterfaceOrientationPortrait;
				INFOPLIST_KEY_UISupportedInterfaceOrientations_iPad = "UIInterfaceOrientationPortrait UIInterfaceOrientationPortraitUpsideDown UIInterfaceOrientationLandscapeLeft UIInterfaceOrientationLandscapeRight";
				INFOPLIST_KEY_UISupportedInterfaceOrientations_iPhone = "UIInterfaceOrientationPortrait UIInterfaceOrientationLandscapeLeft UIInterfaceOrientationLandscapeRight";
				LD_RUNPATH_SEARCH_PATHS = (
					"$(inherited)",
					"@executable_path/Frameworks",
				);
				MARKETING_VERSION = 1.0;
				PRODUCT_BUNDLE_IDENTIFIER = "com.frkyldrm.Weather-App";
				PRODUCT_NAME = "$(TARGET_NAME)";
				SWIFT_EMIT_LOC_STRINGS = YES;
				SWIFT_VERSION = 5.0;
				TARGETED_DEVICE_FAMILY = 1;
			};
			name = Debug;
		};
		033186F5277630A400E9244C /* Release */ = {
			isa = XCBuildConfiguration;
			buildSettings = {
				ASSETCATALOG_COMPILER_APPICON_NAME = AppIcon;
				ASSETCATALOG_COMPILER_GLOBAL_ACCENT_COLOR_NAME = AccentColor;
				CODE_SIGN_STYLE = Automatic;
				CURRENT_PROJECT_VERSION = 1;
				DEVELOPMENT_TEAM = 3CADSS82Y2;
				GENERATE_INFOPLIST_FILE = YES;
				INFOPLIST_FILE = "Weather-App/Info.plist";
				INFOPLIST_KEY_UIApplicationSupportsIndirectInputEvents = YES;
				INFOPLIST_KEY_UILaunchStoryboardName = LaunchScreen;
				INFOPLIST_KEY_UIMainStoryboardFile = Main;
				INFOPLIST_KEY_UISupportedInterfaceOrientations = UIInterfaceOrientationPortrait;
				INFOPLIST_KEY_UISupportedInterfaceOrientations_iPad = "UIInterfaceOrientationPortrait UIInterfaceOrientationPortraitUpsideDown UIInterfaceOrientationLandscapeLeft UIInterfaceOrientationLandscapeRight";
				INFOPLIST_KEY_UISupportedInterfaceOrientations_iPhone = "UIInterfaceOrientationPortrait UIInterfaceOrientationLandscapeLeft UIInterfaceOrientationLandscapeRight";
				LD_RUNPATH_SEARCH_PATHS = (
					"$(inherited)",
					"@executable_path/Frameworks",
				);
				MARKETING_VERSION = 1.0;
				PRODUCT_BUNDLE_IDENTIFIER = "com.frkyldrm.Weather-App";
				PRODUCT_NAME = "$(TARGET_NAME)";
				SWIFT_EMIT_LOC_STRINGS = YES;
				SWIFT_VERSION = 5.0;
				TARGETED_DEVICE_FAMILY = 1;
			};
			name = Release;
		};
/* End XCBuildConfiguration section */

/* Begin XCConfigurationList section */
		033186DA277630A200E9244C /* Build configuration list for PBXProject "Weather-App" */ = {
			isa = XCConfigurationList;
			buildConfigurations = (
				033186F1277630A400E9244C /* Debug */,
				033186F2277630A400E9244C /* Release */,
			);
			defaultConfigurationIsVisible = 0;
			defaultConfigurationName = Release;
		};
		033186F3277630A400E9244C /* Build configuration list for PBXNativeTarget "Weather-App" */ = {
			isa = XCConfigurationList;
			buildConfigurations = (
				033186F4277630A400E9244C /* Debug */,
				033186F5277630A400E9244C /* Release */,
			);
			defaultConfigurationIsVisible = 0;
			defaultConfigurationName = Release;
		};
/* End XCConfigurationList section */

/* Begin XCRemoteSwiftPackageReference section */
		03620D48277A29B1003AF124 /* XCRemoteSwiftPackageReference "SkeletonView" */ = {
			isa = XCRemoteSwiftPackageReference;
			repositoryURL = "https://github.com/Juanpe/SkeletonView";
			requirement = {
				branch = main;
				kind = branch;
			};
		};
		037E81C82777292B00229A4A /* XCRemoteSwiftPackageReference "Alamofire" */ = {
			isa = XCRemoteSwiftPackageReference;
			repositoryURL = "https://github.com/Alamofire/Alamofire";
			requirement = {
				branch = master;
				kind = branch;
			};
		};
		037E81D027778F5300229A4A /* XCRemoteSwiftPackageReference "Kingfisher" */ = {
			isa = XCRemoteSwiftPackageReference;
			repositoryURL = "https://github.com/onevcat/Kingfisher";
			requirement = {
				branch = master;
				kind = branch;
			};
		};
/* End XCRemoteSwiftPackageReference section */

/* Begin XCSwiftPackageProductDependency section */
		03620D49277A29B1003AF124 /* SkeletonView */ = {
			isa = XCSwiftPackageProductDependency;
			package = 03620D48277A29B1003AF124 /* XCRemoteSwiftPackageReference "SkeletonView" */;
			productName = SkeletonView;
		};
		037E81C92777292B00229A4A /* Alamofire */ = {
			isa = XCSwiftPackageProductDependency;
			package = 037E81C82777292B00229A4A /* XCRemoteSwiftPackageReference "Alamofire" */;
			productName = Alamofire;
		};
		037E81D127778F5300229A4A /* Kingfisher */ = {
			isa = XCSwiftPackageProductDependency;
			package = 037E81D027778F5300229A4A /* XCRemoteSwiftPackageReference "Kingfisher" */;
			productName = Kingfisher;
		};
/* End XCSwiftPackageProductDependency section */
	};
	rootObject = 033186D7277630A200E9244C /* Project object */;
}
